
Microsoft Visual Studio Solution File, Format Version 11.00
# Visual Studio 2010
Project("{FAE04EC0-301F-11D3-BF4B-00C04F79EFBC}") = "HttpParser", "HttpParser\HttpParser.csproj", "{8CA7415F-35CE-4EC0-AF6B-09DFAE38A30E}"
EndProject
Project("{FAE04EC0-301F-11D3-BF4B-00C04F79EFBC}") = "HttpParser.Example", "HttpParser.Example\HttpParser.Example.csproj", "{8ACEFB45-A4FD-4080-B6B5-EB09B5310324}"
EndProject
Global
	GlobalSection(SolutionConfigurationPlatforms) = preSolution
		Debug|Any CPU = Debug|Any CPU
		Release|Any CPU = Release|Any CPU
	EndGlobalSection
	GlobalSection(ProjectConfigurationPlatforms) = postSolution
		{8ACEFB45-A4FD-4080-B6B5-EB09B5310324}.Debug|Any CPU.ActiveCfg = Debug|Any CPU
		{8ACEFB45-A4FD-4080-B6B5-EB09B5310324}.Debug|Any CPU.Build.0 = Debug|Any CPU
		{8ACEFB45-A4FD-4080-B6B5-EB09B5310324}.Release|Any CPU.ActiveCfg = Release|Any CPU
		{8ACEFB45-A4FD-4080-B6B5-EB09B5310324}.Release|Any CPU.Build.0 = Release|Any CPU
		{8CA7415F-35CE-4EC0-AF6B-09DFAE38A30E}.Debug|Any CPU.ActiveCfg = Debug|Any CPU
		{8CA7415F-35CE-4EC0-AF6B-09DFAE38A30E}.Debug|Any CPU.Build.0 = Debug|Any CPU
		{8CA7415F-35CE-4EC0-AF6B-09DFAE38A30E}.Release|Any CPU.ActiveCfg = Release|Any CPU
		{8CA7415F-35CE-4EC0-AF6B-09DFAE38A30E}.Release|Any CPU.Build.0 = Release|Any CPU
	EndGlobalSection
	GlobalSection(MonoDevelopProperties) = preSolution
		StartupItem = HttpParser.Example\HttpParser.Example.csproj
	EndGlobalSection
EndGlobal
